<Solution>
  <Folder Name="/Examples/">
    <Project Path="examples/Client/Client.csproj" />
    <Project Path="examples/Server/Server.csproj" />
  </Folder>
  <Folder Name="/Exercies/">
    <Project Path="TaxiPublisher/TaxiPublisher.csproj" />
    <Project Path="TaxiSubscriber/TaxiSubscriber.csproj" />
  </Folder>
  <Folder Name="/Solution Items/">
    <File Path="README.md" />
  </Folder>
</Solution>
